
Microsoft Visual Studio Solution File, Format Version 12.00
# Visual Studio Version 17
VisualStudioVersion = 17.8.34316.72
MinimumVisualStudioVersion = 10.0.40219.1
Project("{9A19103F-16F7-4668-BE54-9A1E7A4F7556}") = "NunesSports", "NunesSports\NunesSports.csproj", "{B2E1B4B5-4598-4542-8FD7-C7D57ECDC012}"
	ProjectSection(ProjectDependencies) = postProject
		{E894E4D5-F363-48A9-AAF4-CBAA2E456138} = {E894E4D5-F363-48A9-AAF4-CBAA2E456138}
	EndProjectSection
EndProject
Project("{9A19103F-16F7-4668-BE54-9A1E7A4F7556}") = "NunesSports.Client", "NunesSports.Client\NunesSports.Client.csproj", "{6C798929-BDF8-4D7C-9680-E3FBFA7B90D0}"
	ProjectSection(ProjectDependencies) = postProject
		{E894E4D5-F363-48A9-AAF4-CBAA2E456138} = {E894E4D5-F363-48A9-AAF4-CBAA2E456138}
	EndProjectSection
EndProject
Project("{9A19103F-16F7-4668-BE54-9A1E7A4F7556}") = "NunesSports.Shared", "..\Product.Shared\NunesSports.Shared.csproj", "{E894E4D5-F363-48A9-AAF4-CBAA2E456138}"
EndProject
Global
	GlobalSection(SolutionConfigurationPlatforms) = preSolution
		Debug|Any CPU = Debug|Any CPU
		Release|Any CPU = Release|Any CPU
	EndGlobalSection
	GlobalSection(ProjectConfigurationPlatforms) = postSolution
		{B2E1B4B5-4598-4542-8FD7-C7D57ECDC012}.Debug|Any CPU.ActiveCfg = Debug|Any CPU
		{B2E1B4B5-4598-4542-8FD7-C7D57ECDC012}.Debug|Any CPU.Build.0 = Debug|Any CPU
		{B2E1B4B5-4598-4542-8FD7-C7D57ECDC012}.Release|Any CPU.ActiveCfg = Release|Any CPU
		{B2E1B4B5-4598-4542-8FD7-C7D57ECDC012}.Release|Any CPU.Build.0 = Release|Any CPU
		{6C798929-BDF8-4D7C-9680-E3FBFA7B90D0}.Debug|Any CPU.ActiveCfg = Debug|Any CPU
		{6C798929-BDF8-4D7C-9680-E3FBFA7B90D0}.Debug|Any CPU.Build.0 = Debug|Any CPU
		{6C798929-BDF8-4D7C-9680-E3FBFA7B90D0}.Release|Any CPU.ActiveCfg = Release|Any CPU
		{6C798929-BDF8-4D7C-9680-E3FBFA7B90D0}.Release|Any CPU.Build.0 = Release|Any CPU
		{E894E4D5-F363-48A9-AAF4-CBAA2E456138}.Debug|Any CPU.ActiveCfg = Debug|Any CPU
		{E894E4D5-F363-48A9-AAF4-CBAA2E456138}.Debug|Any CPU.Build.0 = Debug|Any CPU
		{E894E4D5-F363-48A9-AAF4-CBAA2E456138}.Release|Any CPU.ActiveCfg = Release|Any CPU
		{E894E4D5-F363-48A9-AAF4-CBAA2E456138}.Release|Any CPU.Build.0 = Release|Any CPU
	EndGlobalSection
	GlobalSection(SolutionProperties) = preSolution
		HideSolutionNode = FALSE
	EndGlobalSection
	GlobalSection(ExtensibilityGlobals) = postSolution
		SolutionGuid = {CEC7ADCE-0F2E-4771-91A5-ED1CBEC9CED5}
	EndGlobalSection
EndGlobal
